
Microsoft Visual Studio Solution File, Format Version 12.00
# Visual Studio Version 17
VisualStudioVersion = 17.14.36127.28
MinimumVisualStudioVersion = 10.0.40219.1
Project("{FAE04EC0-301F-11D3-BF4B-00C04F79EFBC}") = "ExampleApp", "TestApp\ExampleApp.csproj", "{52676A47-2585-416F-84EC-5F48969C13CD}"
EndProject
Project("{FAE04EC0-301F-11D3-BF4B-00C04F79EFBC}") = "AutoIoTEdge", "AutoIoTEdge\AutoIoTEdge.csproj", "{11882C97-AE9F-5327-0746-0DBF5EE1EE76}"
EndProject
Project("{2150E333-8FDC-42A3-9474-1A3956D46DE8}") = "Solution Items", "Solution Items", "{8EC462FD-D22E-90A8-E5CE-7E832BA40C5D}"
	ProjectSection(SolutionItems) = preProject
		README.MD = README.MD
	EndProjectSection
EndProject
Global
	GlobalSection(SolutionConfigurationPlatforms) = preSolution
		Debug|Any CPU = Debug|Any CPU
		Release|Any CPU = Release|Any CPU
	EndGlobalSection
	GlobalSection(ProjectConfigurationPlatforms) = postSolution
		{52676A47-2585-416F-84EC-5F48969C13CD}.Debug|Any CPU.ActiveCfg = Debug|Any CPU
		{52676A47-2585-416F-84EC-5F48969C13CD}.Debug|Any CPU.Build.0 = Debug|Any CPU
		{52676A47-2585-416F-84EC-5F48969C13CD}.Release|Any CPU.ActiveCfg = Release|Any CPU
		{52676A47-2585-416F-84EC-5F48969C13CD}.Release|Any CPU.Build.0 = Release|Any CPU
		{11882C97-AE9F-5327-0746-0DBF5EE1EE76}.Debug|Any CPU.ActiveCfg = Debug|Any CPU
		{11882C97-AE9F-5327-0746-0DBF5EE1EE76}.Debug|Any CPU.Build.0 = Debug|Any CPU
		{11882C97-AE9F-5327-0746-0DBF5EE1EE76}.Release|Any CPU.ActiveCfg = Release|Any CPU
		{11882C97-AE9F-5327-0746-0DBF5EE1EE76}.Release|Any CPU.Build.0 = Release|Any CPU
	EndGlobalSection
	GlobalSection(SolutionProperties) = preSolution
		HideSolutionNode = FALSE
	EndGlobalSection
	GlobalSection(ExtensibilityGlobals) = postSolution
		SolutionGuid = {8B393813-05B2-417B-B431-7C7C786E4EEC}
	EndGlobalSection
EndGlobal
